{
  "originHash" : "a4ee7563c068f54a474052b20629bc9f1c15d9070c010d3831b8915be2a7dee4",
  "pins" : [
    {
      "identity" : "swift-concurrency-extras",
      "kind" : "remoteSourceControl",
      "location" : "https://github.com/pointfreeco/swift-concurrency-extras",
      "state" : {
        "revision" : "5a3825302b1a0d744183200915a47b508c828e6f",
        "version" : "1.3.2"
      }
    }
  ],
  "version" : 3
}
