// !$*UTF8*$!
{
	archiveVersion = 1;
	classes = {
	};
	objectVersion = 77;
	objects = {

/* Begin PBXBuildFile section */
		764106262F3BC9A10008EB12 /* TicketPartyDataStore in Frameworks */ = {isa = PBXBuildFile; productRef = 764106252F3BC9A10008EB12 /* TicketPartyDataStore */; };
		764106282F3BC9A10008EB12 /* TicketPartyModels in Frameworks */ = {isa = PBXBuildFile; productRef = 764106272F3BC9A10008EB12 /* TicketPartyModels */; };
		7641062A2F3BC9A10008EB12 /* TicketPartyUI in Frameworks */ = {isa = PBXBuildFile; productRef = 764106292F3BC9A10008EB12 /* TicketPartyUI */; };
/* End PBXBuildFile section */

/* Begin PBXContainerItemProxy section */
		7641050D2F3B17B10008EB12 /* PBXContainerItemProxy */ = {
			isa = PBXContainerItemProxy;
			containerPortal = 764104F32F3B17AF0008EB12 /* Project object */;
			proxyType = 1;
			remoteGlobalIDString = 764104FA2F3B17AF0008EB12;
			remoteInfo = TicketParty;
		};
		764105172F3B17B10008EB12 /* PBXContainerItemProxy */ = {
			isa = PBXContainerItemProxy;
			containerPortal = 764104F32F3B17AF0008EB12 /* Project object */;
			proxyType = 1;
			remoteGlobalIDString = 764104FA2F3B17AF0008EB12;
			remoteInfo = TicketParty;
		};
/* End PBXContainerItemProxy section */

/* Begin PBXFileReference section */
		764104FB2F3B17AF0008EB12 /* TicketParty.app */ = {isa = PBXFileReference; explicitFileType = wrapper.application; includeInIndex = 0; path = TicketParty.app; sourceTree = BUILT_PRODUCTS_DIR; };
		7641050C2F3B17B10008EB12 /* TicketPartyTests.xctest */ = {isa = PBXFileReference; explicitFileType = wrapper.cfbundle; includeInIndex = 0; path = TicketPartyTests.xctest; sourceTree = BUILT_PRODUCTS_DIR; };
		764105162F3B17B10008EB12 /* TicketPartyUITests.xctest */ = {isa = PBXFileReference; explicitFileType = wrapper.cfbundle; includeInIndex = 0; path = TicketPartyUITests.xctest; sourceTree = BUILT_PRODUCTS_DIR; };
		7641053A2F3B90520008EB12 /* AGENTS.md */ = {isa = PBXFileReference; lastKnownFileType = net.daringfireball.markdown; path = AGENTS.md; sourceTree = "<group>"; };
		764105432F3B90520008EB12 /* Justfile */ = {isa = PBXFileReference; lastKnownFileType = text; path = Justfile; sourceTree = "<group>"; };
/* End PBXFileReference section */

/* Begin PBXFileSystemSynchronizedBuildFileExceptionSet section */
		764105CA2F3BBCBE0008EB12 /* Exceptions for "App" folder in "TicketParty" target */ = {
			isa = PBXFileSystemSynchronizedBuildFileExceptionSet;
			membershipExceptions = (
				Resources/Assets.xcassets,
				TicketPartyApp.swift,
			);
			target = 764104FA2F3B17AF0008EB12 /* TicketParty */;
		};
/* End PBXFileSystemSynchronizedBuildFileExceptionSet section */

/* Begin PBXFileSystemSynchronizedRootGroup section */
		764105192F3B17B10008EB12 /* UITests */ = {
			isa = PBXFileSystemSynchronizedRootGroup;
			path = UITests;
			sourceTree = "<group>";
		};
		7641053E2F3B90520008EB12 /* config */ = {
			isa = PBXFileSystemSynchronizedRootGroup;
			path = config;
			sourceTree = "<group>";
		};
		764105422F3B90520008EB12 /* docs */ = {
			isa = PBXFileSystemSynchronizedRootGroup;
			path = docs;
			sourceTree = "<group>";
		};
		7641054F2F3B918A0008EB12 /* xcconfig */ = {
			isa = PBXFileSystemSynchronizedRootGroup;
			path = xcconfig;
			sourceTree = "<group>";
		};
		764105C82F3BBCB30008EB12 /* App */ = {
			isa = PBXFileSystemSynchronizedRootGroup;
			exceptions = (
				764105CA2F3BBCBE0008EB12 /* Exceptions for "App" folder in "TicketParty" target */,
			);
			path = App;
			sourceTree = "<group>";
		};
		7641060C2F3BC4D20008EB12 /* TicketPartyPackage */ = {
			isa = PBXFileSystemSynchronizedRootGroup;
			path = TicketPartyPackage;
			sourceTree = "<group>";
		};
/* End PBXFileSystemSynchronizedRootGroup section */

/* Begin PBXFrameworksBuildPhase section */
		764104F82F3B17AF0008EB12 /* Frameworks */ = {
			isa = PBXFrameworksBuildPhase;
			buildActionMask = 2147483647;
			files = (
				764106262F3BC9A10008EB12 /* TicketPartyDataStore in Frameworks */,
				7641062A2F3BC9A10008EB12 /* TicketPartyUI in Frameworks */,
				764106282F3BC9A10008EB12 /* TicketPartyModels in Frameworks */,
			);
			runOnlyForDeploymentPostprocessing = 0;
		};
		764105092F3B17B10008EB12 /* Frameworks */ = {
			isa = PBXFrameworksBuildPhase;
			buildActionMask = 2147483647;
			files = (
			);
			runOnlyForDeploymentPostprocessing = 0;
		};
		764105132F3B17B10008EB12 /* Frameworks */ = {
			isa = PBXFrameworksBuildPhase;
			buildActionMask = 2147483647;
			files = (
			);
			runOnlyForDeploymentPostprocessing = 0;
		};
/* End PBXFrameworksBuildPhase section */

/* Begin PBXGroup section */
		764104F22F3B17AF0008EB12 = {
			isa = PBXGroup;
			children = (
				7641053A2F3B90520008EB12 /* AGENTS.md */,
				764105422F3B90520008EB12 /* docs */,
				764105432F3B90520008EB12 /* Justfile */,
				7641053E2F3B90520008EB12 /* config */,
				764105C82F3BBCB30008EB12 /* App */,
				7641060C2F3BC4D20008EB12 /* TicketPartyPackage */,
				764105192F3B17B10008EB12 /* UITests */,
				7641054F2F3B918A0008EB12 /* xcconfig */,
				764106242F3BC9A10008EB12 /* Frameworks */,
				764104FC2F3B17AF0008EB12 /* Products */,
			);
			sourceTree = "<group>";
		};
		764104FC2F3B17AF0008EB12 /* Products */ = {
			isa = PBXGroup;
			children = (
				764104FB2F3B17AF0008EB12 /* TicketParty.app */,
				7641050C2F3B17B10008EB12 /* TicketPartyTests.xctest */,
				764105162F3B17B10008EB12 /* TicketPartyUITests.xctest */,
			);
			name = Products;
			sourceTree = "<group>";
		};
		764106242F3BC9A10008EB12 /* Frameworks */ = {
			isa = PBXGroup;
			children = (
			);
			name = Frameworks;
			sourceTree = "<group>";
		};
/* End PBXGroup section */

/* Begin PBXNativeTarget section */
		764104FA2F3B17AF0008EB12 /* TicketParty */ = {
			isa = PBXNativeTarget;
			buildConfigurationList = 7641051F2F3B17B10008EB12 /* Build configuration list for PBXNativeTarget "TicketParty" */;
			buildPhases = (
				764104F72F3B17AF0008EB12 /* Sources */,
				764104F82F3B17AF0008EB12 /* Frameworks */,
				764104F92F3B17AF0008EB12 /* Resources */,
			);
			buildRules = (
			);
			dependencies = (
				7641060A2F3BC1BC0008EB12 /* PBXTargetDependency */,
			);
			name = TicketParty;
			packageProductDependencies = (
				764106252F3BC9A10008EB12 /* TicketPartyDataStore */,
				764106272F3BC9A10008EB12 /* TicketPartyModels */,
				764106292F3BC9A10008EB12 /* TicketPartyUI */,
			);
			productName = TicketParty;
			productReference = 764104FB2F3B17AF0008EB12 /* TicketParty.app */;
			productType = "com.apple.product-type.application";
		};
		7641050B2F3B17B10008EB12 /* TicketPartyTests */ = {
			isa = PBXNativeTarget;
			buildConfigurationList = 764105242F3B17B10008EB12 /* Build configuration list for PBXNativeTarget "TicketPartyTests" */;
			buildPhases = (
				764105082F3B17B10008EB12 /* Sources */,
				764105092F3B17B10008EB12 /* Frameworks */,
				7641050A2F3B17B10008EB12 /* Resources */,
			);
			buildRules = (
			);
			dependencies = (
				7641050E2F3B17B10008EB12 /* PBXTargetDependency */,
			);
			name = TicketPartyTests;
			packageProductDependencies = (
			);
			productName = TicketPartyTests;
			productReference = 7641050C2F3B17B10008EB12 /* TicketPartyTests.xctest */;
			productType = "com.apple.product-type.bundle.unit-test";
		};
		764105152F3B17B10008EB12 /* TicketPartyUITests */ = {
			isa = PBXNativeTarget;
			buildConfigurationList = 764105272F3B17B10008EB12 /* Build configuration list for PBXNativeTarget "TicketPartyUITests" */;
			buildPhases = (
				764105122F3B17B10008EB12 /* Sources */,
				764105132F3B17B10008EB12 /* Frameworks */,
				764105142F3B17B10008EB12 /* Resources */,
			);
			buildRules = (
			);
			dependencies = (
				764105182F3B17B10008EB12 /* PBXTargetDependency */,
			);
			fileSystemSynchronizedGroups = (
				764105192F3B17B10008EB12 /* UITests */,
			);
			name = TicketPartyUITests;
			packageProductDependencies = (
			);
			productName = TicketPartyUITests;
			productReference = 764105162F3B17B10008EB12 /* TicketPartyUITests.xctest */;
			productType = "com.apple.product-type.bundle.ui-testing";
		};
/* End PBXNativeTarget section */

/* Begin PBXProject section */
		764104F32F3B17AF0008EB12 /* Project object */ = {
			isa = PBXProject;
			attributes = {
				BuildIndependentTargetsInParallel = 1;
				LastSwiftUpdateCheck = 2630;
				LastUpgradeCheck = 2630;
				TargetAttributes = {
					764104FA2F3B17AF0008EB12 = {
						CreatedOnToolsVersion = 26.3;
					};
					7641050B2F3B17B10008EB12 = {
						CreatedOnToolsVersion = 26.3;
						TestTargetID = 764104FA2F3B17AF0008EB12;
					};
					764105152F3B17B10008EB12 = {
						CreatedOnToolsVersion = 26.3;
						TestTargetID = 764104FA2F3B17AF0008EB12;
					};
				};
			};
			buildConfigurationList = 764104F62F3B17AF0008EB12 /* Build configuration list for PBXProject "TicketParty" */;
			developmentRegion = en;
			hasScannedForEncodings = 0;
			knownRegions = (
				en,
				Base,
			);
			mainGroup = 764104F22F3B17AF0008EB12;
			minimizedProjectReferenceProxies = 1;
			packageReferences = (
				764106082F3BC1B10008EB12 /* XCLocalSwiftPackageReference "TicketPartyPackage" */,
			);
			preferredProjectObjectVersion = 77;
			productRefGroup = 764104FC2F3B17AF0008EB12 /* Products */;
			projectDirPath = "";
			projectRoot = "";
			targets = (
				764104FA2F3B17AF0008EB12 /* TicketParty */,
				7641050B2F3B17B10008EB12 /* TicketPartyTests */,
				764105152F3B17B10008EB12 /* TicketPartyUITests */,
			);
		};
/* End PBXProject section */

/* Begin PBXResourcesBuildPhase section */
		764104F92F3B17AF0008EB12 /* Resources */ = {
			isa = PBXResourcesBuildPhase;
			buildActionMask = 2147483647;
			files = (
			);
			runOnlyForDeploymentPostprocessing = 0;
		};
		7641050A2F3B17B10008EB12 /* Resources */ = {
			isa = PBXResourcesBuildPhase;
			buildActionMask = 2147483647;
			files = (
			);
			runOnlyForDeploymentPostprocessing = 0;
		};
		764105142F3B17B10008EB12 /* Resources */ = {
			isa = PBXResourcesBuildPhase;
			buildActionMask = 2147483647;
			files = (
			);
			runOnlyForDeploymentPostprocessing = 0;
		};
/* End PBXResourcesBuildPhase section */

/* Begin PBXSourcesBuildPhase section */
		764104F72F3B17AF0008EB12 /* Sources */ = {
			isa = PBXSourcesBuildPhase;
			buildActionMask = 2147483647;
			files = (
			);
			runOnlyForDeploymentPostprocessing = 0;
		};
		764105082F3B17B10008EB12 /* Sources */ = {
			isa = PBXSourcesBuildPhase;
			buildActionMask = 2147483647;
			files = (
			);
			runOnlyForDeploymentPostprocessing = 0;
		};
		764105122F3B17B10008EB12 /* Sources */ = {
			isa = PBXSourcesBuildPhase;
			buildActionMask = 2147483647;
			files = (
			);
			runOnlyForDeploymentPostprocessing = 0;
		};
/* End PBXSourcesBuildPhase section */

/* Begin PBXTargetDependency section */
		7641050E2F3B17B10008EB12 /* PBXTargetDependency */ = {
			isa = PBXTargetDependency;
			target = 764104FA2F3B17AF0008EB12 /* TicketParty */;
			targetProxy = 7641050D2F3B17B10008EB12 /* PBXContainerItemProxy */;
		};
		764105182F3B17B10008EB12 /* PBXTargetDependency */ = {
			isa = PBXTargetDependency;
			target = 764104FA2F3B17AF0008EB12 /* TicketParty */;
			targetProxy = 764105172F3B17B10008EB12 /* PBXContainerItemProxy */;
		};
		7641060A2F3BC1BC0008EB12 /* PBXTargetDependency */ = {
			isa = PBXTargetDependency;
			productRef = 764106092F3BC1BC0008EB12 /* TicketPartyUI */;
		};
/* End PBXTargetDependency section */

/* Begin XCBuildConfiguration section */
		764105202F3B17B10008EB12 /* Debug */ = {
			isa = XCBuildConfiguration;
			baseConfigurationReferenceAnchor = 7641054F2F3B918A0008EB12 /* xcconfig */;
			baseConfigurationReferenceRelativePath = TicketParty.xcconfig;
			buildSettings = {
				"CODE_SIGN_IDENTITY[sdk=macosx*]" = "Apple Development";
			};
			name = Debug;
		};
		764105212F3B17B10008EB12 /* Release */ = {
			isa = XCBuildConfiguration;
			baseConfigurationReferenceAnchor = 7641054F2F3B918A0008EB12 /* xcconfig */;
			baseConfigurationReferenceRelativePath = TicketParty.xcconfig;
			buildSettings = {
				"CODE_SIGN_IDENTITY[sdk=macosx*]" = "Apple Development";
			};
			name = Release;
		};
		764105222F3B17B10008EB12 /* Debug */ = {
			isa = XCBuildConfiguration;
			buildSettings = {
				ALWAYS_SEARCH_USER_PATHS = NO;
				ASSETCATALOG_COMPILER_GENERATE_SWIFT_ASSET_SYMBOL_EXTENSIONS = YES;
				CLANG_ANALYZER_NONNULL = YES;
				CLANG_ANALYZER_NUMBER_OBJECT_CONVERSION = YES_AGGRESSIVE;
				CLANG_CXX_LANGUAGE_STANDARD = "gnu++20";
				CLANG_ENABLE_MODULES = YES;
				CLANG_ENABLE_OBJC_ARC = YES;
				CLANG_ENABLE_OBJC_WEAK = YES;
				CLANG_WARN_BLOCK_CAPTURE_AUTORELEASING = YES;
				CLANG_WARN_BOOL_CONVERSION = YES;
				CLANG_WARN_COMMA = YES;
				CLANG_WARN_CONSTANT_CONVERSION = YES;
				CLANG_WARN_DEPRECATED_OBJC_IMPLEMENTATIONS = YES;
				CLANG_WARN_DIRECT_OBJC_ISA_USAGE = YES_ERROR;
				CLANG_WARN_DOCUMENTATION_COMMENTS = YES;
				CLANG_WARN_EMPTY_BODY = YES;
				CLANG_WARN_ENUM_CONVERSION = YES;
				CLANG_WARN_INFINITE_RECURSION = YES;
				CLANG_WARN_INT_CONVERSION = YES;
				CLANG_WARN_NON_LITERAL_NULL_CONVERSION = YES;
				CLANG_WARN_OBJC_IMPLICIT_RETAIN_SELF = YES;
				CLANG_WARN_OBJC_LITERAL_CONVERSION = YES;
				CLANG_WARN_OBJC_ROOT_CLASS = YES_ERROR;
				CLANG_WARN_QUOTED_INCLUDE_IN_FRAMEWORK_HEADER = YES;
				CLANG_WARN_RANGE_LOOP_ANALYSIS = YES;
				CLANG_WARN_STRICT_PROTOTYPES = YES;
				CLANG_WARN_SUSPICIOUS_MOVE = YES;
				CLANG_WARN_UNGUARDED_AVAILABILITY = YES_AGGRESSIVE;
				CLANG_WARN_UNREACHABLE_CODE = YES;
				CLANG_WARN__DUPLICATE_METHOD_MATCH = YES;
				COPY_PHASE_STRIP = NO;
				DEBUG_INFORMATION_FORMAT = dwarf;
				DEVELOPMENT_TEAM = 7BLG3H4545;
				ENABLE_STRICT_OBJC_MSGSEND = YES;
				ENABLE_TESTABILITY = YES;
				ENABLE_USER_SCRIPT_SANDBOXING = YES;
				GCC_C_LANGUAGE_STANDARD = gnu17;
				GCC_DYNAMIC_NO_PIC = NO;
				GCC_NO_COMMON_BLOCKS = YES;
				GCC_OPTIMIZATION_LEVEL = 0;
				GCC_PREPROCESSOR_DEFINITIONS = (
					"DEBUG=1",
					"$(inherited)",
				);
				GCC_WARN_64_TO_32_BIT_CONVERSION = YES;
				GCC_WARN_ABOUT_RETURN_TYPE = YES_ERROR;
				GCC_WARN_UNDECLARED_SELECTOR = YES;
				GCC_WARN_UNINITIALIZED_AUTOS = YES_AGGRESSIVE;
				GCC_WARN_UNUSED_FUNCTION = YES;
				GCC_WARN_UNUSED_VARIABLE = YES;
				LOCALIZATION_PREFERS_STRING_CATALOGS = YES;
				MTL_ENABLE_DEBUG_INFO = INCLUDE_SOURCE;
				MTL_FAST_MATH = YES;
				ONLY_ACTIVE_ARCH = YES;
				SWIFT_ACTIVE_COMPILATION_CONDITIONS = "DEBUG $(inherited)";
				SWIFT_OPTIMIZATION_LEVEL = "-Onone";
			};
			name = Debug;
		};
		764105232F3B17B10008EB12 /* Release */ = {
			isa = XCBuildConfiguration;
			buildSettings = {
				ALWAYS_SEARCH_USER_PATHS = NO;
				ASSETCATALOG_COMPILER_GENERATE_SWIFT_ASSET_SYMBOL_EXTENSIONS = YES;
				CLANG_ANALYZER_NONNULL = YES;
				CLANG_ANALYZER_NUMBER_OBJECT_CONVERSION = YES_AGGRESSIVE;
				CLANG_CXX_LANGUAGE_STANDARD = "gnu++20";
				CLANG_ENABLE_MODULES = YES;
				CLANG_ENABLE_OBJC_ARC = YES;
				CLANG_ENABLE_OBJC_WEAK = YES;
				CLANG_WARN_BLOCK_CAPTURE_AUTORELEASING = YES;
				CLANG_WARN_BOOL_CONVERSION = YES;
				CLANG_WARN_COMMA = YES;
				CLANG_WARN_CONSTANT_CONVERSION = YES;
				CLANG_WARN_DEPRECATED_OBJC_IMPLEMENTATIONS = YES;
				CLANG_WARN_DIRECT_OBJC_ISA_USAGE = YES_ERROR;
				CLANG_WARN_DOCUMENTATION_COMMENTS = YES;
				CLANG_WARN_EMPTY_BODY = YES;
				CLANG_WARN_ENUM_CONVERSION = YES;
				CLANG_WARN_INFINITE_RECURSION = YES;
				CLANG_WARN_INT_CONVERSION = YES;
				CLANG_WARN_NON_LITERAL_NULL_CONVERSION = YES;
				CLANG_WARN_OBJC_IMPLICIT_RETAIN_SELF = YES;
				CLANG_WARN_OBJC_LITERAL_CONVERSION = YES;
				CLANG_WARN_OBJC_ROOT_CLASS = YES_ERROR;
				CLANG_WARN_QUOTED_INCLUDE_IN_FRAMEWORK_HEADER = YES;
				CLANG_WARN_RANGE_LOOP_ANALYSIS = YES;
				CLANG_WARN_STRICT_PROTOTYPES = YES;
				CLANG_WARN_SUSPICIOUS_MOVE = YES;
				CLANG_WARN_UNGUARDED_AVAILABILITY = YES_AGGRESSIVE;
				CLANG_WARN_UNREACHABLE_CODE = YES;
				CLANG_WARN__DUPLICATE_METHOD_MATCH = YES;
				COPY_PHASE_STRIP = NO;
				DEBUG_INFORMATION_FORMAT = "dwarf-with-dsym";
				DEVELOPMENT_TEAM = 7BLG3H4545;
				ENABLE_NS_ASSERTIONS = NO;
				ENABLE_STRICT_OBJC_MSGSEND = YES;
				ENABLE_USER_SCRIPT_SANDBOXING = YES;
				GCC_C_LANGUAGE_STANDARD = gnu17;
				GCC_NO_COMMON_BLOCKS = YES;
				GCC_WARN_64_TO_32_BIT_CONVERSION = YES;
				GCC_WARN_ABOUT_RETURN_TYPE = YES_ERROR;
				GCC_WARN_UNDECLARED_SELECTOR = YES;
				GCC_WARN_UNINITIALIZED_AUTOS = YES_AGGRESSIVE;
				GCC_WARN_UNUSED_FUNCTION = YES;
				GCC_WARN_UNUSED_VARIABLE = YES;
				LOCALIZATION_PREFERS_STRING_CATALOGS = YES;
				MTL_ENABLE_DEBUG_INFO = NO;
				MTL_FAST_MATH = YES;
				SWIFT_COMPILATION_MODE = wholemodule;
			};
			name = Release;
		};
		764105252F3B17B10008EB12 /* Debug */ = {
			isa = XCBuildConfiguration;
			baseConfigurationReferenceAnchor = 7641054F2F3B918A0008EB12 /* xcconfig */;
			baseConfigurationReferenceRelativePath = TicketPartyTests.xcconfig;
			buildSettings = {
			};
			name = Debug;
		};
		764105262F3B17B10008EB12 /* Release */ = {
			isa = XCBuildConfiguration;
			baseConfigurationReferenceAnchor = 7641054F2F3B918A0008EB12 /* xcconfig */;
			baseConfigurationReferenceRelativePath = TicketPartyTests.xcconfig;
			buildSettings = {
			};
			name = Release;
		};
		764105282F3B17B10008EB12 /* Debug */ = {
			isa = XCBuildConfiguration;
			baseConfigurationReferenceAnchor = 7641054F2F3B918A0008EB12 /* xcconfig */;
			baseConfigurationReferenceRelativePath = TicketPartyUITests.xcconfig;
			buildSettings = {
			};
			name = Debug;
		};
		764105292F3B17B10008EB12 /* Release */ = {
			isa = XCBuildConfiguration;
			baseConfigurationReferenceAnchor = 7641054F2F3B918A0008EB12 /* xcconfig */;
			baseConfigurationReferenceRelativePath = TicketPartyUITests.xcconfig;
			buildSettings = {
			};
			name = Release;
		};
/* End XCBuildConfiguration section */

/* Begin XCConfigurationList section */
		764104F62F3B17AF0008EB12 /* Build configuration list for PBXProject "TicketParty" */ = {
			isa = XCConfigurationList;
			buildConfigurations = (
				764105222F3B17B10008EB12 /* Debug */,
				764105232F3B17B10008EB12 /* Release */,
			);
			defaultConfigurationIsVisible = 0;
			defaultConfigurationName = Release;
		};
		7641051F2F3B17B10008EB12 /* Build configuration list for PBXNativeTarget "TicketParty" */ = {
			isa = XCConfigurationList;
			buildConfigurations = (
				764105202F3B17B10008EB12 /* Debug */,
				764105212F3B17B10008EB12 /* Release */,
			);
			defaultConfigurationIsVisible = 0;
			defaultConfigurationName = Release;
		};
		764105242F3B17B10008EB12 /* Build configuration list for PBXNativeTarget "TicketPartyTests" */ = {
			isa = XCConfigurationList;
			buildConfigurations = (
				764105252F3B17B10008EB12 /* Debug */,
				764105262F3B17B10008EB12 /* Release */,
			);
			defaultConfigurationIsVisible = 0;
			defaultConfigurationName = Release;
		};
		764105272F3B17B10008EB12 /* Build configuration list for PBXNativeTarget "TicketPartyUITests" */ = {
			isa = XCConfigurationList;
			buildConfigurations = (
				764105282F3B17B10008EB12 /* Debug */,
				764105292F3B17B10008EB12 /* Release */,
			);
			defaultConfigurationIsVisible = 0;
			defaultConfigurationName = Release;
		};
/* End XCConfigurationList section */

/* Begin XCLocalSwiftPackageReference section */
		764106082F3BC1B10008EB12 /* XCLocalSwiftPackageReference "TicketPartyPackage" */ = {
			isa = XCLocalSwiftPackageReference;
			relativePath = TicketPartyPackage;
		};
/* End XCLocalSwiftPackageReference section */

/* Begin XCSwiftPackageProductDependency section */
		764106092F3BC1BC0008EB12 /* TicketPartyUI */ = {
			isa = XCSwiftPackageProductDependency;
			package = 764106082F3BC1B10008EB12 /* XCLocalSwiftPackageReference "TicketPartyPackage" */;
			productName = TicketPartyUI;
		};
		764106252F3BC9A10008EB12 /* TicketPartyDataStore */ = {
			isa = XCSwiftPackageProductDependency;
			package = 764106082F3BC1B10008EB12 /* XCLocalSwiftPackageReference "TicketPartyPackage" */;
			productName = TicketPartyDataStore;
		};
		764106272F3BC9A10008EB12 /* TicketPartyModels */ = {
			isa = XCSwiftPackageProductDependency;
			package = 764106082F3BC1B10008EB12 /* XCLocalSwiftPackageReference "TicketPartyPackage" */;
			productName = TicketPartyModels;
		};
		764106292F3BC9A10008EB12 /* TicketPartyUI */ = {
			isa = XCSwiftPackageProductDependency;
			package = 764106082F3BC1B10008EB12 /* XCLocalSwiftPackageReference "TicketPartyPackage" */;
			productName = TicketPartyUI;
		};
/* End XCSwiftPackageProductDependency section */
	};
	rootObject = 764104F32F3B17AF0008EB12 /* Project object */;
}
